
Microsoft Visual Studio Solution File, Format Version 12.00
# Visual Studio Version 17
VisualStudioVersion = 17.14.36414.22 d17.14
MinimumVisualStudioVersion = 10.0.40219.1
Project("{FAE04EC0-301F-11D3-BF4B-00C04F79EFBC}") = "MauiAppTempoAgora", "MauiAppTempoAgora\MauiAppTempoAgora.csproj", "{0FD7111A-E929-43A1-B6AF-A0203D15191D}"
EndProject
Global
	GlobalSection(SolutionConfigurationPlatforms) = preSolution
		Debug|Any CPU = Debug|Any CPU
		Release|Any CPU = Release|Any CPU
	EndGlobalSection
	GlobalSection(ProjectConfigurationPlatforms) = postSolution
		{0FD7111A-E929-43A1-B6AF-A0203D15191D}.Debug|Any CPU.ActiveCfg = Debug|Any CPU
		{0FD7111A-E929-43A1-B6AF-A0203D15191D}.Debug|Any CPU.Build.0 = Debug|Any CPU
		{0FD7111A-E929-43A1-B6AF-A0203D15191D}.Debug|Any CPU.Deploy.0 = Debug|Any CPU
		{0FD7111A-E929-43A1-B6AF-A0203D15191D}.Release|Any CPU.ActiveCfg = Release|Any CPU
		{0FD7111A-E929-43A1-B6AF-A0203D15191D}.Release|Any CPU.Build.0 = Release|Any CPU
		{0FD7111A-E929-43A1-B6AF-A0203D15191D}.Release|Any CPU.Deploy.0 = Release|Any CPU
	EndGlobalSection
	GlobalSection(SolutionProperties) = preSolution
		HideSolutionNode = FALSE
	EndGlobalSection
	GlobalSection(ExtensibilityGlobals) = postSolution
		SolutionGuid = {ADCD0E9F-7E9C-4BA7-A97D-798682890B7E}
	EndGlobalSection
EndGlobal
